PODS:
  - FBSnapshotTestCase (2.1.4):
    - FBSnapshotTestCase/SwiftSupport (= 2.1.4)
  - FBSnapshotTestCase/Core (2.1.4)
  - FBSnapshotTestCase/SwiftSupport (2.1.4):
    - FBSnapshotTestCase/Core
  - LLAudioQueue (0.1.0)

DEPENDENCIES:
  - FBSnapshotTestCase
  - LLAudioQueue (from `../`)

SPEC REPOS:
  trunk:
    - FBSnapshotTestCase

EXTERNAL SOURCES:
  LLAudioQueue:
    :path: "../"

SPEC CHECKSUMS:
  FBSnapshotTestCase: 094f9f314decbabe373b87cc339bea235a63e07a
  LLAudioQueue: 2b85fab5f8471e02898e5357bfeab181777d85e4

PODFILE CHECKSUM: 812097d326e1e8eb69895dfa0f001ce6d57f88ce

COCOAPODS: 1.8.4
